Microsoft Visual Studio Solution File, Format Version 12.00
# Visual Studio 2012
Project("{FAE04EC0-301F-11D3-BF4B-00C04F79EFBC}") = "RelogAnalogico_con_C#", "RelogAnalogico_con_C#.csproj", "{1859865A-7A81-476E-B728-9FEC15A94998}"
EndProject
Global
	GlobalSection(SolutionConfigurationPlatforms) = preSolution
	Debug|Any CPU = Debug|Any CPU
	Release|Any CPU = Release|Any CPU
	Tools|Any CPU = Tools|Any CPU
	EndGlobalSection
	GlobalSection(ProjectConfigurationPlatforms) = postSolution
		{1859865A-7A81-476E-B728-9FEC15A94998}.Debug|Any CPU.ActiveCfg = Debug|Any CPU
		{1859865A-7A81-476E-B728-9FEC15A94998}.Debug|Any CPU.Build.0 = Debug|Any CPU
		{1859865A-7A81-476E-B728-9FEC15A94998}.Release|Any CPU.ActiveCfg = Release|Any CPU
		{1859865A-7A81-476E-B728-9FEC15A94998}.Release|Any CPU.Build.0 = Release|Any CPU
		{1859865A-7A81-476E-B728-9FEC15A94998}.Tools|Any CPU.ActiveCfg = Tools|Any CPU
		{1859865A-7A81-476E-B728-9FEC15A94998}.Tools|Any CPU.Build.0 = Tools|Any CPU
	EndGlobalSection
EndGlobal
